
Microsoft Visual Studio Solution File, Format Version 12.00
# Visual Studio 2013
VisualStudioVersion = 12.0.21005.1
MinimumVisualStudioVersion = 10.0.40219.1
Project("{FAE04EC0-301F-11D3-BF4B-00C04F79EFBC}") = "AutoRecorder", "AutoRecorder\AutoRecorder.csproj", "{6C30D91C-B902-444E-93E3-52C089A35FDF}"
EndProject
Global
	GlobalSection(SolutionConfigurationPlatforms) = preSolution
		Debug|Any CPU = Debug|Any CPU
		Release|Any CPU = Release|Any CPU
	EndGlobalSection
	GlobalSection(ProjectConfigurationPlatforms) = postSolution
		{6C30D91C-B902-444E-93E3-52C089A35FDF}.Debug|Any CPU.ActiveCfg = Debug|Any CPU
		{6C30D91C-B902-444E-93E3-52C089A35FDF}.Debug|Any CPU.Build.0 = Debug|Any CPU
		{6C30D91C-B902-444E-93E3-52C089A35FDF}.Release|Any CPU.ActiveCfg = Release|Any CPU
		{6C30D91C-B902-444E-93E3-52C089A35FDF}.Release|Any CPU.Build.0 = Release|Any CPU
	EndGlobalSection
	GlobalSection(SolutionProperties) = preSolution
		HideSolutionNode = FALSE
	EndGlobalSection
EndGlobal
